
Microsoft Visual Studio Solution File, Format Version 12.00
# Visual Studio 15
VisualStudioVersion = 15.0.27703.2000
MinimumVisualStudioVersion = 10.0.40219.1
Project("{FAE04EC0-301F-11D3-BF4B-00C04F79EFBC}") = "Projeto_Roballo_Arduino_medidor_de_energia", "Projeto_Roballo_Arduino_medidor_de_energia\Projeto_Roballo_Arduino_medidor_de_energia.csproj", "{45AD9CD1-7F40-44F9-8314-D8E1AC709EBB}"
EndProject
Project("{54435603-DBB4-11D2-8724-00A0C9A8B90C}") = "Medidor de Energia Arduino", "Medidor de Energia Arduino\Medidor de Energia Arduino.vdproj", "{85DC38B3-754A-4193-85FC-024CAEAFE59A}"
EndProject
Global
	GlobalSection(SolutionConfigurationPlatforms) = preSolution
		Debug|Any CPU = Debug|Any CPU
		Debug|Default = Debug|Default
		Release|Any CPU = Release|Any CPU
		Release|Default = Release|Default
	EndGlobalSection
	GlobalSection(ProjectConfigurationPlatforms) = postSolution
		{45AD9CD1-7F40-44F9-8314-D8E1AC709EBB}.Debug|Any CPU.ActiveCfg = Debug|Any CPU
		{45AD9CD1-7F40-44F9-8314-D8E1AC709EBB}.Debug|Any CPU.Build.0 = Debug|Any CPU
		{45AD9CD1-7F40-44F9-8314-D8E1AC709EBB}.Debug|Default.ActiveCfg = Debug|Any CPU
		{45AD9CD1-7F40-44F9-8314-D8E1AC709EBB}.Debug|Default.Build.0 = Debug|Any CPU
		{45AD9CD1-7F40-44F9-8314-D8E1AC709EBB}.Release|Any CPU.ActiveCfg = Release|Any CPU
		{45AD9CD1-7F40-44F9-8314-D8E1AC709EBB}.Release|Any CPU.Build.0 = Release|Any CPU
		{45AD9CD1-7F40-44F9-8314-D8E1AC709EBB}.Release|Default.ActiveCfg = Release|Any CPU
		{45AD9CD1-7F40-44F9-8314-D8E1AC709EBB}.Release|Default.Build.0 = Release|Any CPU
		{85DC38B3-754A-4193-85FC-024CAEAFE59A}.Debug|Any CPU.ActiveCfg = Debug
		{85DC38B3-754A-4193-85FC-024CAEAFE59A}.Debug|Default.ActiveCfg = Debug
		{85DC38B3-754A-4193-85FC-024CAEAFE59A}.Debug|Default.Build.0 = Debug
		{85DC38B3-754A-4193-85FC-024CAEAFE59A}.Release|Any CPU.ActiveCfg = Release
		{85DC38B3-754A-4193-85FC-024CAEAFE59A}.Release|Any CPU.Build.0 = Release
		{85DC38B3-754A-4193-85FC-024CAEAFE59A}.Release|Default.ActiveCfg = Release
		{85DC38B3-754A-4193-85FC-024CAEAFE59A}.Release|Default.Build.0 = Release
	EndGlobalSection
	GlobalSection(SolutionProperties) = preSolution
		HideSolutionNode = FALSE
	EndGlobalSection
	GlobalSection(ExtensibilityGlobals) = postSolution
		SolutionGuid = {240D778D-1C37-47C5-86E5-5F40FEBC5143}
	EndGlobalSection
	GlobalSection(SolutionConfigurationPlatforms) = preSolution
		Debug|Any CPU = Debug|Any CPU
		Debug|Default = Debug|Default
		Release|Any CPU = Release|Any CPU
		Release|Default = Release|Default
	EndGlobalSection
	GlobalSection(SolutionConfigurationPlatforms) = preSolution
		Debug|Any CPU = Debug|Any CPU
		Debug|Default = Debug|Default
		Release|Any CPU = Release|Any CPU
		Release|Default = Release|Default
	EndGlobalSection
EndGlobal
